
Microsoft Visual Studio Solution File, Format Version 12.00
# Visual Studio Version 17
VisualStudioVersion = 17.12.35514.174 d17.12
MinimumVisualStudioVersion = 10.0.40219.1
Project("{FAE04EC0-301F-11D3-BF4B-00C04F79EFBC}") = "Calculadora", "Calculadora\Calculadora.csproj", "{3C98349F-AFE0-4CD2-B64F-549A67DEFCC1}"
EndProject
Global
	GlobalSection(SolutionConfigurationPlatforms) = preSolution
		Arm64|Any CPU = Arm64|Any CPU
		Arm64|ARM64 = Arm64|ARM64
		Arm64|x64 = Arm64|x64
		Debug|Any CPU = Debug|Any CPU
		Debug|ARM64 = Debug|ARM64
		Debug|x64 = Debug|x64
		Release|Any CPU = Release|Any CPU
		Release|ARM64 = Release|ARM64
		Release|x64 = Release|x64
	EndGlobalSection
	GlobalSection(ProjectConfigurationPlatforms) = postSolution
		{3C98349F-AFE0-4CD2-B64F-549A67DEFCC1}.Arm64|Any CPU.ActiveCfg = Arm64|Any CPU
		{3C98349F-AFE0-4CD2-B64F-549A67DEFCC1}.Arm64|Any CPU.Build.0 = Arm64|Any CPU
		{3C98349F-AFE0-4CD2-B64F-549A67DEFCC1}.Arm64|ARM64.ActiveCfg = Arm64|ARM64
		{3C98349F-AFE0-4CD2-B64F-549A67DEFCC1}.Arm64|ARM64.Build.0 = Arm64|ARM64
		{3C98349F-AFE0-4CD2-B64F-549A67DEFCC1}.Arm64|x64.ActiveCfg = Arm64|x64
		{3C98349F-AFE0-4CD2-B64F-549A67DEFCC1}.Arm64|x64.Build.0 = Arm64|x64
		{3C98349F-AFE0-4CD2-B64F-549A67DEFCC1}.Debug|Any CPU.ActiveCfg = Debug|Any CPU
		{3C98349F-AFE0-4CD2-B64F-549A67DEFCC1}.Debug|Any CPU.Build.0 = Debug|Any CPU
		{3C98349F-AFE0-4CD2-B64F-549A67DEFCC1}.Debug|ARM64.ActiveCfg = Debug|ARM64
		{3C98349F-AFE0-4CD2-B64F-549A67DEFCC1}.Debug|ARM64.Build.0 = Debug|ARM64
		{3C98349F-AFE0-4CD2-B64F-549A67DEFCC1}.Debug|x64.ActiveCfg = Debug|x64
		{3C98349F-AFE0-4CD2-B64F-549A67DEFCC1}.Debug|x64.Build.0 = Debug|x64
		{3C98349F-AFE0-4CD2-B64F-549A67DEFCC1}.Release|Any CPU.ActiveCfg = Release|Any CPU
		{3C98349F-AFE0-4CD2-B64F-549A67DEFCC1}.Release|Any CPU.Build.0 = Release|Any CPU
		{3C98349F-AFE0-4CD2-B64F-549A67DEFCC1}.Release|ARM64.ActiveCfg = Release|ARM64
		{3C98349F-AFE0-4CD2-B64F-549A67DEFCC1}.Release|ARM64.Build.0 = Release|ARM64
		{3C98349F-AFE0-4CD2-B64F-549A67DEFCC1}.Release|x64.ActiveCfg = Release|x64
		{3C98349F-AFE0-4CD2-B64F-549A67DEFCC1}.Release|x64.Build.0 = Release|x64
	EndGlobalSection
	GlobalSection(SolutionProperties) = preSolution
		HideSolutionNode = FALSE
	EndGlobalSection
EndGlobal
